
Microsoft Visual Studio Solution File, Format Version 12.00
# Visual Studio Version 17
VisualStudioVersion = 17.11.35303.130
MinimumVisualStudioVersion = 10.0.40219.1
Project("{FAE04EC0-301F-11D3-BF4B-00C04F79EFBC}") = "Практ 3 (2)", "Практ 3 (2)\Практ 3 (2).csproj", "{0CB00B3E-B801-495F-A809-ABF3C7590FCF}"
EndProject
Global
	GlobalSection(SolutionConfigurationPlatforms) = preSolution
		Debug|Any CPU = Debug|Any CPU
		Release|Any CPU = Release|Any CPU
	EndGlobalSection
	GlobalSection(ProjectConfigurationPlatforms) = postSolution
		{0CB00B3E-B801-495F-A809-ABF3C7590FCF}.Debug|Any CPU.ActiveCfg = Debug|Any CPU
		{0CB00B3E-B801-495F-A809-ABF3C7590FCF}.Debug|Any CPU.Build.0 = Debug|Any CPU
		{0CB00B3E-B801-495F-A809-ABF3C7590FCF}.Release|Any CPU.ActiveCfg = Release|Any CPU
		{0CB00B3E-B801-495F-A809-ABF3C7590FCF}.Release|Any CPU.Build.0 = Release|Any CPU
	EndGlobalSection
	GlobalSection(SolutionProperties) = preSolution
		HideSolutionNode = FALSE
	EndGlobalSection
	GlobalSection(ExtensibilityGlobals) = postSolution
		SolutionGuid = {37B6523B-34E4-4D82-9814-026E3E23C7AB}
	EndGlobalSection
EndGlobal
